PODS:
  - Checkout-IOS (1.0.1):
    - SharedDataModels-iOS
    - SnapKit
    - SwiftEntryKit
    - SwiftyRSA
    - TapCardScannerWebWrapper-iOS
    - TapFontKit-iOS
  - checkout_flutter (0.0.1):
    - Checkout-IOS (= 1.0.1)
    - Flutter
  - Flutter (1.0.0)
  - flutter_html_to_pdf (0.0.1):
    - Flutter
  - flutter_inappwebview_ios (0.0.1):
    - Flutter
    - flutter_inappwebview_ios/Core (= 0.0.1)
    - OrderedSet (~> 6.0.3)
  - flutter_inappwebview_ios/Core (0.0.1):
    - Flutter
    - OrderedSet (~> 6.0.3)
  - flutter_local_notifications (0.0.1):
    - Flutter
  - flutter_pdfview (1.0.2):
    - Flutter
  - flutter_secure_storage (6.0.0):
    - Flutter
  - geocoding_ios (1.0.5):
    - Flutter
  - geolocator_apple (1.2.0):
    - Flutter
    - FlutterMacOS
  - Google-Maps-iOS-Utils (5.0.0):
    - GoogleMaps (~> 8.0)
  - google_maps_flutter_ios (0.0.1):
    - Flutter
    - Google-Maps-iOS-Utils (< 7.0, >= 5.0)
    - GoogleMaps (< 10.0, >= 8.4)
  - GoogleMaps (8.4.0):
    - GoogleMaps/Maps (= 8.4.0)
  - GoogleMaps/Base (8.4.0)
  - GoogleMaps/Maps (8.4.0):
    - GoogleMaps/Base
  - open_file_ios (0.0.1):
    - Flutter
  - OrderedSet (6.0.3)
  - path_provider_foundation (0.0.1):
    - Flutter
    - FlutterMacOS
  - permission_handler_apple (9.3.0):
    - Flutter
  - shared_preferences_foundation (0.0.1):
    - Flutter
    - FlutterMacOS
  - SharedDataModels-iOS (0.0.12)
  - SnapKit (5.7.1)
  - SwiftEntryKit (2.0.0)
  - SwiftyRSA (1.7.0):
    - SwiftyRSA/ObjC (= 1.7.0)
  - SwiftyRSA/ObjC (1.7.0)
  - TapCardScannerWebWrapper-iOS (0.0.8):
    - SharedDataModels-iOS
    - TapCardVlidatorKit-iOS
  - TapCardVlidatorKit-iOS (1.0.24)
  - TapFontKit-iOS (0.0.11):
    - TapSwiftFixesV2
  - TapSwiftFixesV2 (1.0.3):
    - TapSwiftFixesV2/CoreGraphics (= 1.0.3)
    - TapSwiftFixesV2/Exceptions (= 1.0.3)
    - TapSwiftFixesV2/Threading (= 1.0.3)
  - TapSwiftFixesV2/CoreGraphics (1.0.3)
  - TapSwiftFixesV2/Exceptions (1.0.3)
  - TapSwiftFixesV2/Threading (1.0.3)
  - url_launcher_ios (0.0.1):
    - Flutter
  - webview_flutter_wkwebview (0.0.1):
    - Flutter
    - FlutterMacOS

DEPENDENCIES:
  - checkout_flutter (from `.symlinks/plugins/checkout_flutter/ios`)
  - Flutter (from `Flutter`)
  - flutter_html_to_pdf (from `.symlinks/plugins/flutter_html_to_pdf/ios`)
  - flutter_inappwebview_ios (from `.symlinks/plugins/flutter_inappwebview_ios/ios`)
  - flutter_local_notifications (from `.symlinks/plugins/flutter_local_notifications/ios`)
  - flutter_pdfview (from `.symlinks/plugins/flutter_pdfview/ios`)
  - flutter_secure_storage (from `.symlinks/plugins/flutter_secure_storage/ios`)
  - geocoding_ios (from `.symlinks/plugins/geocoding_ios/ios`)
  - geolocator_apple (from `.symlinks/plugins/geolocator_apple/darwin`)
  - google_maps_flutter_ios (from `.symlinks/plugins/google_maps_flutter_ios/ios`)
  - open_file_ios (from `.symlinks/plugins/open_file_ios/ios`)
  - path_provider_foundation (from `.symlinks/plugins/path_provider_foundation/darwin`)
  - permission_handler_apple (from `.symlinks/plugins/permission_handler_apple/ios`)
  - shared_preferences_foundation (from `.symlinks/plugins/shared_preferences_foundation/darwin`)
  - url_launcher_ios (from `.symlinks/plugins/url_launcher_ios/ios`)
  - webview_flutter_wkwebview (from `.symlinks/plugins/webview_flutter_wkwebview/darwin`)

SPEC REPOS:
  trunk:
    - Checkout-IOS
    - Google-Maps-iOS-Utils
    - GoogleMaps
    - OrderedSet
    - SharedDataModels-iOS
    - SnapKit
    - SwiftEntryKit
    - SwiftyRSA
    - TapCardScannerWebWrapper-iOS
    - TapCardVlidatorKit-iOS
    - TapFontKit-iOS
    - TapSwiftFixesV2

EXTERNAL SOURCES:
  checkout_flutter:
    :path: ".symlinks/plugins/checkout_flutter/ios"
  Flutter:
    :path: Flutter
  flutter_html_to_pdf:
    :path: ".symlinks/plugins/flutter_html_to_pdf/ios"
  flutter_inappwebview_ios:
    :path: ".symlinks/plugins/flutter_inappwebview_ios/ios"
  flutter_local_notifications:
    :path: ".symlinks/plugins/flutter_local_notifications/ios"
  flutter_pdfview:
    :path: ".symlinks/plugins/flutter_pdfview/ios"
  flutter_secure_storage:
    :path: ".symlinks/plugins/flutter_secure_storage/ios"
  geocoding_ios:
    :path: ".symlinks/plugins/geocoding_ios/ios"
  geolocator_apple:
    :path: ".symlinks/plugins/geolocator_apple/darwin"
  google_maps_flutter_ios:
    :path: ".symlinks/plugins/google_maps_flutter_ios/ios"
  open_file_ios:
    :path: ".symlinks/plugins/open_file_ios/ios"
  path_provider_foundation:
    :path: ".symlinks/plugins/path_provider_foundation/darwin"
  permission_handler_apple:
    :path: ".symlinks/plugins/permission_handler_apple/ios"
  shared_preferences_foundation:
    :path: ".symlinks/plugins/shared_preferences_foundation/darwin"
  url_launcher_ios:
    :path: ".symlinks/plugins/url_launcher_ios/ios"
  webview_flutter_wkwebview:
    :path: ".symlinks/plugins/webview_flutter_wkwebview/darwin"

SPEC CHECKSUMS:
  Checkout-IOS: 3925d2d1637d1179d5b768d11b69b1da4660e1e4
  checkout_flutter: 7c282a89b11da028ec0884c5d6ad68ca51faefd2
  Flutter: e0871f40cf51350855a761d2e70bf5af5b9b5de7
  flutter_html_to_pdf: 0fd9f8d04f335d68b06a7c4ab5fc85d22e1ef91b
  flutter_inappwebview_ios: 6f63631e2c62a7c350263b13fa5427aedefe81d4
  flutter_local_notifications: 4cde75091f6327eb8517fa068a0a5950212d2086
  flutter_pdfview: 2e4d13ffb774858562ffbdfdb61b40744b191adc
  flutter_secure_storage: d33dac7ae2ea08509be337e775f6b59f1ff45f12
  geocoding_ios: a389ea40f6f548de6e63006a2e31bf66ff80769a
  geolocator_apple: 66b711889fd333205763b83c9dcf0a57a28c7afd
  Google-Maps-iOS-Utils: 66d6de12be1ce6d3742a54661e7a79cb317a9321
  google_maps_flutter_ios: e31555a04d1986ab130f2b9f24b6cdc861acc6d3
  GoogleMaps: 8939898920281c649150e0af74aa291c60f2e77d
  open_file_ios: 461db5853723763573e140de3193656f91990d9e
  OrderedSet: e539b66b644ff081c73a262d24ad552a69be3a94
  path_provider_foundation: 2b6b4c569c0fb62ec74538f866245ac84301af46
  permission_handler_apple: 9878588469a2b0d0fc1e048d9f43605f92e6cec2
  shared_preferences_foundation: fcdcbc04712aee1108ac7fda236f363274528f78
  SharedDataModels-iOS: 03d22b8a256a6ce698180b24d3ff8fefe42707b1
  SnapKit: d612e99e678a2d3b95bf60b0705ed0a35c03484a
  SwiftEntryKit: 61b5fa36f34a97dd8013e48a7345bc4c4720be9a
  SwiftyRSA: 8c6dd1ea7db1b8dc4fb517a202f88bb1354bc2c6
  TapCardScannerWebWrapper-iOS: c8f05e90f418e910600db43e082a81ae6e5af8ad
  TapCardVlidatorKit-iOS: 05d3e644dddd6aa52dd95cc85a2c41f7ce0ba2f9
  TapFontKit-iOS: c17f595e4d94b5c5c49fda159596a7f23bdffb94
  TapSwiftFixesV2: ea726f752b6259d9e44624039fd6bad94b2a8633
  url_launcher_ios: 5334b05cef931de560670eeae103fd3e431ac3fe
  webview_flutter_wkwebview: a4af96a051138e28e29f60101d094683b9f82188

PODFILE CHECKSUM: 0ca7772c1a5349f963d7b71db7aba8f7faffe4c3

COCOAPODS: 1.16.2
